
Microsoft Visual Studio Solution File, Format Version 12.00
# Visual Studio Version 17
VisualStudioVersion = 17.2.32317.152
MinimumVisualStudioVersion = 10.0.40219.1
Project("{9A19103F-16F7-4668-BE54-9A1E7A4F7556}") = "AthenaBackend.WebApi", "AthenaBackend.WebApi\AthenaBackend.WebApi.csproj", "{897A481C-E131-4869-A767-707154489557}"
EndProject
Project("{2150E333-8FDC-42A3-9474-1A3956D46DE8}") = "src", "src", "{B206D154-101F-47CF-8CD1-6B9BA47BEA4C}"
EndProject
Project("{2150E333-8FDC-42A3-9474-1A3956D46DE8}") = "test", "test", "{50081CFA-D5D4-45D9-9678-C24D1F98B1D5}"
EndProject
Project("{9A19103F-16F7-4668-BE54-9A1E7A4F7556}") = "AthenaBackend.Domain", "AthenaBackend.Domain\AthenaBackend.Domain.csproj", "{5790B85F-0782-451E-98AB-342E75921D6C}"
EndProject
Project("{9A19103F-16F7-4668-BE54-9A1E7A4F7556}") = "AthenaBackend.Infrastructure", "AthenaBackend.Infrastructure\AthenaBackend.Infrastructure.csproj", "{86206862-F2DB-40CD-98EB-BC279C1D6FD4}"
EndProject
Project("{9A19103F-16F7-4668-BE54-9A1E7A4F7556}") = "AthenaBackend.Application", "AthenaBackend.Application\AthenaBackend.Application.csproj", "{7D36B509-DD53-421C-ACF9-C4FBBA2A202A}"
EndProject
Project("{9A19103F-16F7-4668-BE54-9A1E7A4F7556}") = "AthenaBackend.Common", "AthenaBackend.Common\AthenaBackend.Common.csproj", "{0D08948C-033C-4024-B98C-2048DD87CFA5}"
EndProject
Project("{FAE04EC0-301F-11D3-BF4B-00C04F79EFBC}") = "AthenaBackend.DomainTest", "..\test\AthenaBackend.DomainTest\AthenaBackend.DomainTest.csproj", "{EB25F409-8C0A-4651-8D82-C5F8C7C603BF}"
EndProject
Project("{FAE04EC0-301F-11D3-BF4B-00C04F79EFBC}") = "AthenaBackend.ApplicationTest", "..\test\AthenaBackend.ApplicationTest\AthenaBackend.ApplicationTest.csproj", "{BB989E08-3962-4CE2-833F-A19BD81ED80B}"
EndProject
Project("{FAE04EC0-301F-11D3-BF4B-00C04F79EFBC}") = "AthenaBackend.InfrastructureTest", "..\test\AthenaBackend.InfrastructureTest\AthenaBackend.InfrastructureTest.csproj", "{EA9191C1-AA5D-4FB5-9EE3-0ED9AEE9C82A}"
EndProject
Project("{FAE04EC0-301F-11D3-BF4B-00C04F79EFBC}") = "AthenaBackend.CommonTest", "AthenaBackend.CommonTest\AthenaBackend.CommonTest.csproj", "{A7A589CA-333D-436A-8EE3-3F91D281BE57}"
EndProject
Global
	GlobalSection(SolutionConfigurationPlatforms) = preSolution
		Debug|Any CPU = Debug|Any CPU
		Release|Any CPU = Release|Any CPU
	EndGlobalSection
	GlobalSection(ProjectConfigurationPlatforms) = postSolution
		{897A481C-E131-4869-A767-707154489557}.Debug|Any CPU.ActiveCfg = Debug|Any CPU
		{897A481C-E131-4869-A767-707154489557}.Debug|Any CPU.Build.0 = Debug|Any CPU
		{897A481C-E131-4869-A767-707154489557}.Release|Any CPU.ActiveCfg = Release|Any CPU
		{897A481C-E131-4869-A767-707154489557}.Release|Any CPU.Build.0 = Release|Any CPU
		{5790B85F-0782-451E-98AB-342E75921D6C}.Debug|Any CPU.ActiveCfg = Debug|Any CPU
		{5790B85F-0782-451E-98AB-342E75921D6C}.Debug|Any CPU.Build.0 = Debug|Any CPU
		{5790B85F-0782-451E-98AB-342E75921D6C}.Release|Any CPU.ActiveCfg = Release|Any CPU
		{5790B85F-0782-451E-98AB-342E75921D6C}.Release|Any CPU.Build.0 = Release|Any CPU
		{86206862-F2DB-40CD-98EB-BC279C1D6FD4}.Debug|Any CPU.ActiveCfg = Debug|Any CPU
		{86206862-F2DB-40CD-98EB-BC279C1D6FD4}.Debug|Any CPU.Build.0 = Debug|Any CPU
		{86206862-F2DB-40CD-98EB-BC279C1D6FD4}.Release|Any CPU.ActiveCfg = Release|Any CPU
		{86206862-F2DB-40CD-98EB-BC279C1D6FD4}.Release|Any CPU.Build.0 = Release|Any CPU
		{7D36B509-DD53-421C-ACF9-C4FBBA2A202A}.Debug|Any CPU.ActiveCfg = Debug|Any CPU
		{7D36B509-DD53-421C-ACF9-C4FBBA2A202A}.Debug|Any CPU.Build.0 = Debug|Any CPU
		{7D36B509-DD53-421C-ACF9-C4FBBA2A202A}.Release|Any CPU.ActiveCfg = Release|Any CPU
		{7D36B509-DD53-421C-ACF9-C4FBBA2A202A}.Release|Any CPU.Build.0 = Release|Any CPU
		{0D08948C-033C-4024-B98C-2048DD87CFA5}.Debug|Any CPU.ActiveCfg = Debug|Any CPU
		{0D08948C-033C-4024-B98C-2048DD87CFA5}.Debug|Any CPU.Build.0 = Debug|Any CPU
		{0D08948C-033C-4024-B98C-2048DD87CFA5}.Release|Any CPU.ActiveCfg = Release|Any CPU
		{0D08948C-033C-4024-B98C-2048DD87CFA5}.Release|Any CPU.Build.0 = Release|Any CPU
		{EB25F409-8C0A-4651-8D82-C5F8C7C603BF}.Debug|Any CPU.ActiveCfg = Debug|Any CPU
		{EB25F409-8C0A-4651-8D82-C5F8C7C603BF}.Debug|Any CPU.Build.0 = Debug|Any CPU
		{EB25F409-8C0A-4651-8D82-C5F8C7C603BF}.Release|Any CPU.ActiveCfg = Release|Any CPU
		{EB25F409-8C0A-4651-8D82-C5F8C7C603BF}.Release|Any CPU.Build.0 = Release|Any CPU
		{BB989E08-3962-4CE2-833F-A19BD81ED80B}.Debug|Any CPU.ActiveCfg = Debug|Any CPU
		{BB989E08-3962-4CE2-833F-A19BD81ED80B}.Debug|Any CPU.Build.0 = Debug|Any CPU
		{BB989E08-3962-4CE2-833F-A19BD81ED80B}.Release|Any CPU.ActiveCfg = Release|Any CPU
		{BB989E08-3962-4CE2-833F-A19BD81ED80B}.Release|Any CPU.Build.0 = Release|Any CPU
		{EA9191C1-AA5D-4FB5-9EE3-0ED9AEE9C82A}.Debug|Any CPU.ActiveCfg = Debug|Any CPU
		{EA9191C1-AA5D-4FB5-9EE3-0ED9AEE9C82A}.Debug|Any CPU.Build.0 = Debug|Any CPU
		{EA9191C1-AA5D-4FB5-9EE3-0ED9AEE9C82A}.Release|Any CPU.ActiveCfg = Release|Any CPU
		{EA9191C1-AA5D-4FB5-9EE3-0ED9AEE9C82A}.Release|Any CPU.Build.0 = Release|Any CPU
		{A7A589CA-333D-436A-8EE3-3F91D281BE57}.Debug|Any CPU.ActiveCfg = Debug|Any CPU
		{A7A589CA-333D-436A-8EE3-3F91D281BE57}.Debug|Any CPU.Build.0 = Debug|Any CPU
		{A7A589CA-333D-436A-8EE3-3F91D281BE57}.Release|Any CPU.ActiveCfg = Release|Any CPU
		{A7A589CA-333D-436A-8EE3-3F91D281BE57}.Release|Any CPU.Build.0 = Release|Any CPU
	EndGlobalSection
	GlobalSection(SolutionProperties) = preSolution
		HideSolutionNode = FALSE
	EndGlobalSection
	GlobalSection(NestedProjects) = preSolution
		{897A481C-E131-4869-A767-707154489557} = {B206D154-101F-47CF-8CD1-6B9BA47BEA4C}
		{5790B85F-0782-451E-98AB-342E75921D6C} = {B206D154-101F-47CF-8CD1-6B9BA47BEA4C}
		{86206862-F2DB-40CD-98EB-BC279C1D6FD4} = {B206D154-101F-47CF-8CD1-6B9BA47BEA4C}
		{7D36B509-DD53-421C-ACF9-C4FBBA2A202A} = {B206D154-101F-47CF-8CD1-6B9BA47BEA4C}
		{0D08948C-033C-4024-B98C-2048DD87CFA5} = {B206D154-101F-47CF-8CD1-6B9BA47BEA4C}
		{EB25F409-8C0A-4651-8D82-C5F8C7C603BF} = {50081CFA-D5D4-45D9-9678-C24D1F98B1D5}
		{BB989E08-3962-4CE2-833F-A19BD81ED80B} = {50081CFA-D5D4-45D9-9678-C24D1F98B1D5}
		{EA9191C1-AA5D-4FB5-9EE3-0ED9AEE9C82A} = {50081CFA-D5D4-45D9-9678-C24D1F98B1D5}
		{A7A589CA-333D-436A-8EE3-3F91D281BE57} = {50081CFA-D5D4-45D9-9678-C24D1F98B1D5}
	EndGlobalSection
	GlobalSection(ExtensibilityGlobals) = postSolution
		SolutionGuid = {86CFB6D5-AE60-4773-8AA8-9067777C41F6}
	EndGlobalSection
EndGlobal
